// !$*UTF8*$!
{
	archiveVersion = 1;
	classes = {
	};
	objectVersion = 46;
	objects = {

/* Begin PBXBuildFile section */
		A37EE4251E8AE9E100298122 /* AppDelegate.swift in Sources */ = {isa = PBXBuildFile; fileRef = A37EE4241E8AE9E100298122 /* AppDelegate.swift */; };
		A37EE4271E8AE9E100298122 /* ViewController.swift in Sources */ = {isa = PBXBuildFile; fileRef = A37EE4261E8AE9E100298122 /* ViewController.swift */; };
		A37EE42A1E8AE9E100298122 /* Main.storyboard in Resources */ = {isa = PBXBuildFile; fileRef = A37EE4281E8AE9E100298122 /* Main.storyboard */; };
		A37EE42D1E8AE9E100298122 /* pianopracticeapp.xcdatamodeld in Sources */ = {isa = PBXBuildFile; fileRef = A37EE42B1E8AE9E100298122 /* pianopracticeapp.xcdatamodeld */; };
		A37EE42F1E8AE9E100298122 /* Assets.xcassets in Resources */ = {isa = PBXBuildFile; fileRef = A37EE42E1E8AE9E100298122 /* Assets.xcassets */; };
		A37EE4321E8AE9E100298122 /* LaunchScreen.storyboard in Resources */ = {isa = PBXBuildFile; fileRef = A37EE4301E8AE9E100298122 /* LaunchScreen.storyboard */; };
		A37EE45D1E8AEB5100298122 /* black.jpg in Resources */ = {isa = PBXBuildFile; fileRef = A37EE45B1E8AEB5100298122 /* black.jpg */; };
		A37EE45E1E8AEB5100298122 /* white.jpg in Resources */ = {isa = PBXBuildFile; fileRef = A37EE45C1E8AEB5100298122 /* white.jpg */; };
		A37EE46D1E8AEB5C00298122 /* A#.mp3 in Resources */ = {isa = PBXBuildFile; fileRef = A37EE4601E8AEB5C00298122 /* A#.mp3 */; };
		A37EE46E1E8AEB5C00298122 /* A.mp3 in Resources */ = {isa = PBXBuildFile; fileRef = A37EE4611E8AEB5C00298122 /* A.mp3 */; };
		A37EE46F1E8AEB5C00298122 /* B.mp3 in Resources */ = {isa = PBXBuildFile; fileRef = A37EE4621E8AEB5C00298122 /* B.mp3 */; };
		A37EE4701E8AEB5C00298122 /* C#.mp3 in Resources */ = {isa = PBXBuildFile; fileRef = A37EE4631E8AEB5C00298122 /* C#.mp3 */; };
		A37EE4711E8AEB5C00298122 /* C3.mp3 in Resources */ = {isa = PBXBuildFile; fileRef = A37EE4641E8AEB5C00298122 /* C3.mp3 */; };
		A37EE4721E8AEB5C00298122 /* C4.mp3 in Resources */ = {isa = PBXBuildFile; fileRef = A37EE4651E8AEB5C00298122 /* C4.mp3 */; };
		A37EE4731E8AEB5C00298122 /* D#.mp3 in Resources */ = {isa = PBXBuildFile; fileRef = A37EE4661E8AEB5C00298122 /* D#.mp3 */; };
		A37EE4741E8AEB5C00298122 /* D.mp3 in Resources */ = {isa = PBXBuildFile; fileRef = A37EE4671E8AEB5C00298122 /* D.mp3 */; };
		A37EE4751E8AEB5C00298122 /* E.mp3 in Resources */ = {isa = PBXBuildFile; fileRef = A37EE4681E8AEB5C00298122 /* E.mp3 */; };
		A37EE4761E8AEB5C00298122 /* F#.mp3 in Resources */ = {isa = PBXBuildFile; fileRef = A37EE4691E8AEB5C00298122 /* F#.mp3 */; };
		A37EE4771E8AEB5C00298122 /* F.mp3 in Resources */ = {isa = PBXBuildFile; fileRef = A37EE46A1E8AEB5C00298122 /* F.mp3 */; };
		A37EE4781E8AEB5C00298122 /* G#.mp3 in Resources */ = {isa = PBXBuildFile; fileRef = A37EE46B1E8AEB5C00298122 /* G#.mp3 */; };
		A37EE4791E8AEB5C00298122 /* G.mp3 in Resources */ = {isa = PBXBuildFile; fileRef = A37EE46C1E8AEB5C00298122 /* G.mp3 */; };
/* End PBXBuildFile section */

/* Begin PBXFileReference section */
		A37EE4211E8AE9E100298122 /* pianopracticeapp.app */ = {isa = PBXFileReference; explicitFileType = wrapper.application; includeInIndex = 0; path = pianopracticeapp.app; sourceTree = BUILT_PRODUCTS_DIR; };
		A37EE4241E8AE9E100298122 /* AppDelegate.swift */ = {isa = PBXFileReference; lastKnownFileType = sourcecode.swift; path = AppDelegate.swift; sourceTree = "<group>"; };
		A37EE4261E8AE9E100298122 /* ViewController.swift */ = {isa = PBXFileReference; lastKnownFileType = sourcecode.swift; path = ViewController.swift; sourceTree = "<group>"; };
		A37EE4291E8AE9E100298122 /* Base */ = {isa = PBXFileReference; lastKnownFileType = file.storyboard; name = Base; path = Base.lproj/Main.storyboard; sourceTree = "<group>"; };
		A37EE42C1E8AE9E100298122 /* pianopracticeapp.xcdatamodel */ = {isa = PBXFileReference; lastKnownFileType = wrapper.xcdatamodel; path = pianopracticeapp.xcdatamodel; sourceTree = "<group>"; };
		A37EE42E1E8AE9E100298122 /* Assets.xcassets */ = {isa = PBXFileReference; lastKnownFileType = folder.assetcatalog; path = Assets.xcassets; sourceTree = "<group>"; };
		A37EE4311E8AE9E100298122 /* Base */ = {isa = PBXFileReference; lastKnownFileType = file.storyboard; name = Base; path = Base.lproj/LaunchScreen.storyboard; sourceTree = "<group>"; };
		A37EE4331E8AE9E100298122 /* Info.plist */ = {isa = PBXFileReference; lastKnownFileType = text.plist.xml; path = Info.plist; sourceTree = "<group>"; };
		A37EE45B1E8AEB5100298122 /* black.jpg */ = {isa = PBXFileReference; lastKnownFileType = image.jpeg; path = black.jpg; sourceTree = "<group>"; };
		A37EE45C1E8AEB5100298122 /* white.jpg */ = {isa = PBXFileReference; lastKnownFileType = image.jpeg; path = white.jpg; sourceTree = "<group>"; };
		A37EE4601E8AEB5C00298122 /* A#.mp3 */ = {isa = PBXFileReference; lastKnownFileType = audio.mp3; path = "A#.mp3"; sourceTree = "<group>"; };
		A37EE4611E8AEB5C00298122 /* A.mp3 */ = {isa = PBXFileReference; lastKnownFileType = audio.mp3; path = A.mp3; sourceTree = "<group>"; };
		A37EE4621E8AEB5C00298122 /* B.mp3 */ = {isa = PBXFileReference; lastKnownFileType = audio.mp3; path = B.mp3; sourceTree = "<group>"; };
		A37EE4631E8AEB5C00298122 /* C#.mp3 */ = {isa = PBXFileReference; lastKnownFileType = audio.mp3; path = "C#.mp3"; sourceTree = "<group>"; };
		A37EE4641E8AEB5C00298122 /* C3.mp3 */ = {isa = PBXFileReference; lastKnownFileType = audio.mp3; path = C3.mp3; sourceTree = "<group>"; };
		A37EE4651E8AEB5C00298122 /* C4.mp3 */ = {isa = PBXFileReference; lastKnownFileType = audio.mp3; path = C4.mp3; sourceTree = "<group>"; };
		A37EE4661E8AEB5C00298122 /* D#.mp3 */ = {isa = PBXFileReference; lastKnownFileType = audio.mp3; path = "D#.mp3"; sourceTree = "<group>"; };
		A37EE4671E8AEB5C00298122 /* D.mp3 */ = {isa = PBXFileReference; lastKnownFileType = audio.mp3; path = D.mp3; sourceTree = "<group>"; };
		A37EE4681E8AEB5C00298122 /* E.mp3 */ = {isa = PBXFileReference; lastKnownFileType = audio.mp3; path = E.mp3; sourceTree = "<group>"; };
		A37EE4691E8AEB5C00298122 /* F#.mp3 */ = {isa = PBXFileReference; lastKnownFileType = audio.mp3; path = "F#.mp3"; sourceTree = "<group>"; };
		A37EE46A1E8AEB5C00298122 /* F.mp3 */ = {isa = PBXFileReference; lastKnownFileType = audio.mp3; path = F.mp3; sourceTree = "<group>"; };
		A37EE46B1E8AEB5C00298122 /* G#.mp3 */ = {isa = PBXFileReference; lastKnownFileType = audio.mp3; path = "G#.mp3"; sourceTree = "<group>"; };
		A37EE46C1E8AEB5C00298122 /* G.mp3 */ = {isa = PBXFileReference; lastKnownFileType = audio.mp3; path = G.mp3; sourceTree = "<group>"; };
/* End PBXFileReference section */

/* Begin PBXFrameworksBuildPhase section */
		A37EE41E1E8AE9E100298122 /* Frameworks */ = {
			isa = PBXFrameworksBuildPhase;
			buildActionMask = 2147483647;
			files = (
			);
			runOnlyForDeploymentPostprocessing = 0;
		};
/* End PBXFrameworksBuildPhase section */

/* Begin PBXGroup section */
		A37EE4181E8AE9E100298122 = {
			isa = PBXGroup;
			children = (
				A37EE4231E8AE9E100298122 /* pianopracticeapp */,
				A37EE4221E8AE9E100298122 /* Products */,
			);
			sourceTree = "<group>";
		};
		A37EE4221E8AE9E100298122 /* Products */ = {
			isa = PBXGroup;
			children = (
				A37EE4211E8AE9E100298122 /* pianopracticeapp.app */,
			);
			name = Products;
			sourceTree = "<group>";
		};
		A37EE4231E8AE9E100298122 /* pianopracticeapp */ = {
			isa = PBXGroup;
			children = (
				A37EE4241E8AE9E100298122 /* AppDelegate.swift */,
				A37EE4261E8AE9E100298122 /* ViewController.swift */,
				A37EE4281E8AE9E100298122 /* Main.storyboard */,
				A37EE42E1E8AE9E100298122 /* Assets.xcassets */,
				A37EE4301E8AE9E100298122 /* LaunchScreen.storyboard */,
				A37EE45F1E8AEB5C00298122 /* sound */,
				A37EE4331E8AE9E100298122 /* Info.plist */,
				A37EE45A1E8AEB5100298122 /* image */,
				A37EE42B1E8AE9E100298122 /* pianopracticeapp.xcdatamodeld */,
			);
			path = pianopracticeapp;
			sourceTree = "<group>";
		};
		A37EE45A1E8AEB5100298122 /* image */ = {
			isa = PBXGroup;
			children = (
				A37EE45B1E8AEB5100298122 /* black.jpg */,
				A37EE45C1E8AEB5100298122 /* white.jpg */,
			);
			path = image;
			sourceTree = "<group>";
		};
		A37EE45F1E8AEB5C00298122 /* sound */ = {
			isa = PBXGroup;
			children = (
				A37EE4601E8AEB5C00298122 /* A#.mp3 */,
				A37EE4611E8AEB5C00298122 /* A.mp3 */,
				A37EE4621E8AEB5C00298122 /* B.mp3 */,
				A37EE4631E8AEB5C00298122 /* C#.mp3 */,
				A37EE4641E8AEB5C00298122 /* C3.mp3 */,
				A37EE4651E8AEB5C00298122 /* C4.mp3 */,
				A37EE4661E8AEB5C00298122 /* D#.mp3 */,
				A37EE4671E8AEB5C00298122 /* D.mp3 */,
				A37EE4681E8AEB5C00298122 /* E.mp3 */,
				A37EE4691E8AEB5C00298122 /* F#.mp3 */,
				A37EE46A1E8AEB5C00298122 /* F.mp3 */,
				A37EE46B1E8AEB5C00298122 /* G#.mp3 */,
				A37EE46C1E8AEB5C00298122 /* G.mp3 */,
			);
			name = sound;
			path = image/sound;
			sourceTree = "<group>";
		};
/* End PBXGroup section */

/* Begin PBXNativeTarget section */
		A37EE4201E8AE9E100298122 /* pianopracticeapp */ = {
			isa = PBXNativeTarget;
			buildConfigurationList = A37EE4361E8AE9E100298122 /* Build configuration list for PBXNativeTarget "pianopracticeapp" */;
			buildPhases = (
				A37EE41D1E8AE9E100298122 /* Sources */,
				A37EE41E1E8AE9E100298122 /* Frameworks */,
				A37EE41F1E8AE9E100298122 /* Resources */,
			);
			buildRules = (
			);
			dependencies = (
			);
			name = pianopracticeapp;
			productName = pianopracticeapp;
			productReference = A37EE4211E8AE9E100298122 /* pianopracticeapp.app */;
			productType = "com.apple.product-type.application";
		};
/* End PBXNativeTarget section */

/* Begin PBXProject section */
		A37EE4191E8AE9E100298122 /* Project object */ = {
			isa = PBXProject;
			attributes = {
				LastSwiftUpdateCheck = 0820;
				LastUpgradeCheck = 0820;
				ORGANIZATIONNAME = "Glen Jantz";
				TargetAttributes = {
					A37EE4201E8AE9E100298122 = {
						CreatedOnToolsVersion = 8.2.1;
						DevelopmentTeam = CAFE7EXU5G;
						ProvisioningStyle = Automatic;
					};
				};
			};
			buildConfigurationList = A37EE41C1E8AE9E100298122 /* Build configuration list for PBXProject "pianopracticeapp" */;
			compatibilityVersion = "Xcode 3.2";
			developmentRegion = English;
			hasScannedForEncodings = 0;
			knownRegions = (
				en,
				Base,
			);
			mainGroup = A37EE4181E8AE9E100298122;
			productRefGroup = A37EE4221E8AE9E100298122 /* Products */;
			projectDirPath = "";
			projectRoot = "";
			targets = (
				A37EE4201E8AE9E100298122 /* pianopracticeapp */,
			);
		};
/* End PBXProject section */

/* Begin PBXResourcesBuildPhase section */
		A37EE41F1E8AE9E100298122 /* Resources */ = {
			isa = PBXResourcesBuildPhase;
			buildActionMask = 2147483647;
			files = (
				A37EE4761E8AEB5C00298122 /* F#.mp3 in Resources */,
				A37EE4711E8AEB5C00298122 /* C3.mp3 in Resources */,
				A37EE4701E8AEB5C00298122 /* C#.mp3 in Resources */,
				A37EE45E1E8AEB5100298122 /* white.jpg in Resources */,
				A37EE46E1E8AEB5C00298122 /* A.mp3 in Resources */,
				A37EE4781E8AEB5C00298122 /* G#.mp3 in Resources */,
				A37EE4791E8AEB5C00298122 /* G.mp3 in Resources */,
				A37EE4741E8AEB5C00298122 /* D.mp3 in Resources */,
				A37EE4321E8AE9E100298122 /* LaunchScreen.storyboard in Resources */,
				A37EE4751E8AEB5C00298122 /* E.mp3 in Resources */,
				A37EE45D1E8AEB5100298122 /* black.jpg in Resources */,
				A37EE4771E8AEB5C00298122 /* F.mp3 in Resources */,
				A37EE42F1E8AE9E100298122 /* Assets.xcassets in Resources */,
				A37EE4731E8AEB5C00298122 /* D#.mp3 in Resources */,
				A37EE46F1E8AEB5C00298122 /* B.mp3 in Resources */,
				A37EE46D1E8AEB5C00298122 /* A#.mp3 in Resources */,
				A37EE42A1E8AE9E100298122 /* Main.storyboard in Resources */,
				A37EE4721E8AEB5C00298122 /* C4.mp3 in Resources */,
			);
			runOnlyForDeploymentPostprocessing = 0;
		};
/* End PBXResourcesBuildPhase section */

/* Begin PBXSourcesBuildPhase section */
		A37EE41D1E8AE9E100298122 /* Sources */ = {
			isa = PBXSourcesBuildPhase;
			buildActionMask = 2147483647;
			files = (
				A37EE4271E8AE9E100298122 /* ViewController.swift in Sources */,
				A37EE42D1E8AE9E100298122 /* pianopracticeapp.xcdatamodeld in Sources */,
				A37EE4251E8AE9E100298122 /* AppDelegate.swift in Sources */,
			);
			runOnlyForDeploymentPostprocessing = 0;
		};
/* End PBXSourcesBuildPhase section */

/* Begin PBXVariantGroup section */
		A37EE4281E8AE9E100298122 /* Main.storyboard */ = {
			isa = PBXVariantGroup;
			children = (
				A37EE4291E8AE9E100298122 /* Base */,
			);
			name = Main.storyboard;
			sourceTree = "<group>";
		};
		A37EE4301E8AE9E100298122 /* LaunchScreen.storyboard */ = {
			isa = PBXVariantGroup;
			children = (
				A37EE4311E8AE9E100298122 /* Base */,
			);
			name = LaunchScreen.storyboard;
			sourceTree = "<group>";
		};
/* End PBXVariantGroup section */

/* Begin XCBuildConfiguration section */
		A37EE4341E8AE9E100298122 /* Debug */ = {
			isa = XCBuildConfiguration;
			buildSettings = {
				ALWAYS_SEARCH_USER_PATHS = NO;
				CLANG_ANALYZER_NONNULL = YES;
				CLANG_CXX_LANGUAGE_STANDARD = "gnu++0x";
				CLANG_CXX_LIBRARY = "libc++";
				CLANG_ENABLE_MODULES = YES;
				CLANG_ENABLE_OBJC_ARC = YES;
				CLANG_WARN_BOOL_CONVERSION = YES;
				CLANG_WARN_CONSTANT_CONVERSION = YES;
				CLANG_WARN_DIRECT_OBJC_ISA_USAGE = YES_ERROR;
				CLANG_WARN_DOCUMENTATION_COMMENTS = YES;
				CLANG_WARN_EMPTY_BODY = YES;
				CLANG_WARN_ENUM_CONVERSION = YES;
				CLANG_WARN_INFINITE_RECURSION = YES;
				CLANG_WARN_INT_CONVERSION = YES;
				CLANG_WARN_OBJC_ROOT_CLASS = YES_ERROR;
				CLANG_WARN_SUSPICIOUS_MOVE = YES;
				CLANG_WARN_UNREACHABLE_CODE = YES;
				CLANG_WARN__DUPLICATE_METHOD_MATCH = YES;
				"CODE_SIGN_IDENTITY[sdk=iphoneos*]" = "iPhone Developer";
				COPY_PHASE_STRIP = NO;
				DEBUG_INFORMATION_FORMAT = dwarf;
				ENABLE_STRICT_OBJC_MSGSEND = YES;
				ENABLE_TESTABILITY = YES;
				GCC_C_LANGUAGE_STANDARD = gnu99;
				GCC_DYNAMIC_NO_PIC = NO;
				GCC_NO_COMMON_BLOCKS = YES;
				GCC_OPTIMIZATION_LEVEL = 0;
				GCC_PREPROCESSOR_DEFINITIONS = (
					"DEBUG=1",
					"$(inherited)",
				);
				GCC_WARN_64_TO_32_BIT_CONVERSION = YES;
				GCC_WARN_ABOUT_RETURN_TYPE = YES_ERROR;
				GCC_WARN_UNDECLARED_SELECTOR = YES;
				GCC_WARN_UNINITIALIZED_AUTOS = YES_AGGRESSIVE;
				GCC_WARN_UNUSED_FUNCTION = YES;
				GCC_WARN_UNUSED_VARIABLE = YES;
				IPHONEOS_DEPLOYMENT_TARGET = 10.2;
				MTL_ENABLE_DEBUG_INFO = YES;
				ONLY_ACTIVE_ARCH = YES;
				SDKROOT = iphoneos;
				SWIFT_ACTIVE_COMPILATION_CONDITIONS = DEBUG;
				SWIFT_OPTIMIZATION_LEVEL = "-Onone";
			};
			name = Debug;
		};
		A37EE4351E8AE9E100298122 /* Release */ = {
			isa = XCBuildConfiguration;
			buildSettings = {
				ALWAYS_SEARCH_USER_PATHS = NO;
				CLANG_ANALYZER_NONNULL = YES;
				CLANG_CXX_LANGUAGE_STANDARD = "gnu++0x";
				CLANG_CXX_LIBRARY = "libc++";
				CLANG_ENABLE_MODULES = YES;
				CLANG_ENABLE_OBJC_ARC = YES;
				CLANG_WARN_BOOL_CONVERSION = YES;
				CLANG_WARN_CONSTANT_CONVERSION = YES;
				CLANG_WARN_DIRECT_OBJC_ISA_USAGE = YES_ERROR;
				CLANG_WARN_DOCUMENTATION_COMMENTS = YES;
				CLANG_WARN_EMPTY_BODY = YES;
				CLANG_WARN_ENUM_CONVERSION = YES;
				CLANG_WARN_INFINITE_RECURSION = YES;
				CLANG_WARN_INT_CONVERSION = YES;
				CLANG_WARN_OBJC_ROOT_CLASS = YES_ERROR;
				CLANG_WARN_SUSPICIOUS_MOVE = YES;
				CLANG_WARN_UNREACHABLE_CODE = YES;
				CLANG_WARN__DUPLICATE_METHOD_MATCH = YES;
				"CODE_SIGN_IDENTITY[sdk=iphoneos*]" = "iPhone Developer";
				COPY_PHASE_STRIP = NO;
				DEBUG_INFORMATION_FORMAT = "dwarf-with-dsym";
				ENABLE_NS_ASSERTIONS = NO;
				ENABLE_STRICT_OBJC_MSGSEND = YES;
				GCC_C_LANGUAGE_STANDARD = gnu99;
				GCC_NO_COMMON_BLOCKS = YES;
				GCC_WARN_64_TO_32_BIT_CONVERSION = YES;
				GCC_WARN_ABOUT_RETURN_TYPE = YES_ERROR;
				GCC_WARN_UNDECLARED_SELECTOR = YES;
				GCC_WARN_UNINITIALIZED_AUTOS = YES_AGGRESSIVE;
				GCC_WARN_UNUSED_FUNCTION = YES;
				GCC_WARN_UNUSED_VARIABLE = YES;
				IPHONEOS_DEPLOYMENT_TARGET = 10.2;
				MTL_ENABLE_DEBUG_INFO = NO;
				SDKROOT = iphoneos;
				SWIFT_OPTIMIZATION_LEVEL = "-Owholemodule";
				VALIDATE_PRODUCT = YES;
			};
			name = Release;
		};
		A37EE4371E8AE9E100298122 /* Debug */ = {
			isa = XCBuildConfiguration;
			buildSettings = {
				ASSETCATALOG_COMPILER_APPICON_NAME = AppIcon;
				DEVELOPMENT_TEAM = CAFE7EXU5G;
				INFOPLIST_FILE = pianopracticeapp/Info.plist;
				LD_RUNPATH_SEARCH_PATHS = "$(inherited) @executable_path/Frameworks";
				PRODUCT_BUNDLE_IDENTIFIER = codingdojo.pianopracticeapp;
				PRODUCT_NAME = "$(TARGET_NAME)";
				SWIFT_VERSION = 3.0;
			};
			name = Debug;
		};
		A37EE4381E8AE9E100298122 /* Release */ = {
			isa = XCBuildConfiguration;
			buildSettings = {
				ASSETCATALOG_COMPILER_APPICON_NAME = AppIcon;
				DEVELOPMENT_TEAM = CAFE7EXU5G;
				INFOPLIST_FILE = pianopracticeapp/Info.plist;
				LD_RUNPATH_SEARCH_PATHS = "$(inherited) @executable_path/Frameworks";
				PRODUCT_BUNDLE_IDENTIFIER = codingdojo.pianopracticeapp;
				PRODUCT_NAME = "$(TARGET_NAME)";
				SWIFT_VERSION = 3.0;
			};
			name = Release;
		};
/* End XCBuildConfiguration section */

/* Begin XCConfigurationList section */
		A37EE41C1E8AE9E100298122 /* Build configuration list for PBXProject "pianopracticeapp" */ = {
			isa = XCConfigurationList;
			buildConfigurations = (
				A37EE4341E8AE9E100298122 /* Debug */,
				A37EE4351E8AE9E100298122 /* Release */,
			);
			defaultConfigurationIsVisible = 0;
			defaultConfigurationName = Release;
		};
		A37EE4361E8AE9E100298122 /* Build configuration list for PBXNativeTarget "pianopracticeapp" */ = {
			isa = XCConfigurationList;
			buildConfigurations = (
				A37EE4371E8AE9E100298122 /* Debug */,
				A37EE4381E8AE9E100298122 /* Release */,
			);
			defaultConfigurationIsVisible = 0;
		};
/* End XCConfigurationList section */

/* Begin XCVersionGroup section */
		A37EE42B1E8AE9E100298122 /* pianopracticeapp.xcdatamodeld */ = {
			isa = XCVersionGroup;
			children = (
				A37EE42C1E8AE9E100298122 /* pianopracticeapp.xcdatamodel */,
			);
			currentVersion = A37EE42C1E8AE9E100298122 /* pianopracticeapp.xcdatamodel */;
			path = pianopracticeapp.xcdatamodeld;
			sourceTree = "<group>";
			versionGroupType = wrapper.xcdatamodel;
		};
/* End XCVersionGroup section */
	};
	rootObject = A37EE4191E8AE9E100298122 /* Project object */;
}
