// !$*UTF8*$!
{
	archiveVersion = 1;
	classes = {
	};
	objectVersion = 46;
	objects = {

/* Begin PBXBuildFile section */
		A32665EA1E777210002DFC23 /* AppDelegate.swift in Sources */ = {isa = PBXBuildFile; fileRef = A32665E91E777210002DFC23 /* AppDelegate.swift */; };
		A32665EC1E777210002DFC23 /* ViewController.swift in Sources */ = {isa = PBXBuildFile; fileRef = A32665EB1E777210002DFC23 /* ViewController.swift */; };
		A32665EF1E777210002DFC23 /* Main.storyboard in Resources */ = {isa = PBXBuildFile; fileRef = A32665ED1E777210002DFC23 /* Main.storyboard */; };
		A32665F11E777210002DFC23 /* Assets.xcassets in Resources */ = {isa = PBXBuildFile; fileRef = A32665F01E777210002DFC23 /* Assets.xcassets */; };
		A32665F41E777210002DFC23 /* LaunchScreen.storyboard in Resources */ = {isa = PBXBuildFile; fileRef = A32665F21E777210002DFC23 /* LaunchScreen.storyboard */; };
/* End PBXBuildFile section */

/* Begin PBXFileReference section */
		A32665E61E777210002DFC23 /* tables.app */ = {isa = PBXFileReference; explicitFileType = wrapper.application; includeInIndex = 0; path = tables.app; sourceTree = BUILT_PRODUCTS_DIR; };
		A32665E91E777210002DFC23 /* AppDelegate.swift */ = {isa = PBXFileReference; lastKnownFileType = sourcecode.swift; path = AppDelegate.swift; sourceTree = "<group>"; };
		A32665EB1E777210002DFC23 /* ViewController.swift */ = {isa = PBXFileReference; lastKnownFileType = sourcecode.swift; path = ViewController.swift; sourceTree = "<group>"; };
		A32665EE1E777210002DFC23 /* Base */ = {isa = PBXFileReference; lastKnownFileType = file.storyboard; name = Base; path = Base.lproj/Main.storyboard; sourceTree = "<group>"; };
		A32665F01E777210002DFC23 /* Assets.xcassets */ = {isa = PBXFileReference; lastKnownFileType = folder.assetcatalog; path = Assets.xcassets; sourceTree = "<group>"; };
		A32665F31E777210002DFC23 /* Base */ = {isa = PBXFileReference; lastKnownFileType = file.storyboard; name = Base; path = Base.lproj/LaunchScreen.storyboard; sourceTree = "<group>"; };
		A32665F51E777210002DFC23 /* Info.plist */ = {isa = PBXFileReference; lastKnownFileType = text.plist.xml; path = Info.plist; sourceTree = "<group>"; };
/* End PBXFileReference section */

/* Begin PBXFrameworksBuildPhase section */
		A32665E31E777210002DFC23 /* Frameworks */ = {
			isa = PBXFrameworksBuildPhase;
			buildActionMask = 2147483647;
			files = (
			);
			runOnlyForDeploymentPostprocessing = 0;
		};
/* End PBXFrameworksBuildPhase section */

/* Begin PBXGroup section */
		A32665DD1E777210002DFC23 = {
			isa = PBXGroup;
			children = (
				A32665E81E777210002DFC23 /* tables */,
				A32665E71E777210002DFC23 /* Products */,
			);
			sourceTree = "<group>";
		};
		A32665E71E777210002DFC23 /* Products */ = {
			isa = PBXGroup;
			children = (
				A32665E61E777210002DFC23 /* tables.app */,
			);
			name = Products;
			sourceTree = "<group>";
		};
		A32665E81E777210002DFC23 /* tables */ = {
			isa = PBXGroup;
			children = (
				A32665E91E777210002DFC23 /* AppDelegate.swift */,
				A32665EB1E777210002DFC23 /* ViewController.swift */,
				A32665ED1E777210002DFC23 /* Main.storyboard */,
				A32665F01E777210002DFC23 /* Assets.xcassets */,
				A32665F21E777210002DFC23 /* LaunchScreen.storyboard */,
				A32665F51E777210002DFC23 /* Info.plist */,
			);
			path = tables;
			sourceTree = "<group>";
		};
/* End PBXGroup section */

/* Begin PBXNativeTarget section */
		A32665E51E777210002DFC23 /* tables */ = {
			isa = PBXNativeTarget;
			buildConfigurationList = A32665F81E777210002DFC23 /* Build configuration list for PBXNativeTarget "tables" */;
			buildPhases = (
				A32665E21E777210002DFC23 /* Sources */,
				A32665E31E777210002DFC23 /* Frameworks */,
				A32665E41E777210002DFC23 /* Resources */,
			);
			buildRules = (
			);
			dependencies = (
			);
			name = tables;
			productName = tables;
			productReference = A32665E61E777210002DFC23 /* tables.app */;
			productType = "com.apple.product-type.application";
		};
/* End PBXNativeTarget section */

/* Begin PBXProject section */
		A32665DE1E777210002DFC23 /* Project object */ = {
			isa = PBXProject;
			attributes = {
				LastSwiftUpdateCheck = 0820;
				LastUpgradeCheck = 0820;
				ORGANIZATIONNAME = "Glen Jantz";
				TargetAttributes = {
					A32665E51E777210002DFC23 = {
						CreatedOnToolsVersion = 8.2.1;
						DevelopmentTeam = CAFE7EXU5G;
						ProvisioningStyle = Automatic;
					};
				};
			};
			buildConfigurationList = A32665E11E777210002DFC23 /* Build configuration list for PBXProject "tables" */;
			compatibilityVersion = "Xcode 3.2";
			developmentRegion = English;
			hasScannedForEncodings = 0;
			knownRegions = (
				en,
				Base,
			);
			mainGroup = A32665DD1E777210002DFC23;
			productRefGroup = A32665E71E777210002DFC23 /* Products */;
			projectDirPath = "";
			projectRoot = "";
			targets = (
				A32665E51E777210002DFC23 /* tables */,
			);
		};
/* End PBXProject section */

/* Begin PBXResourcesBuildPhase section */
		A32665E41E777210002DFC23 /* Resources */ = {
			isa = PBXResourcesBuildPhase;
			buildActionMask = 2147483647;
			files = (
				A32665F41E777210002DFC23 /* LaunchScreen.storyboard in Resources */,
				A32665F11E777210002DFC23 /* Assets.xcassets in Resources */,
				A32665EF1E777210002DFC23 /* Main.storyboard in Resources */,
			);
			runOnlyForDeploymentPostprocessing = 0;
		};
/* End PBXResourcesBuildPhase section */

/* Begin PBXSourcesBuildPhase section */
		A32665E21E777210002DFC23 /* Sources */ = {
			isa = PBXSourcesBuildPhase;
			buildActionMask = 2147483647;
			files = (
				A32665EC1E777210002DFC23 /* ViewController.swift in Sources */,
				A32665EA1E777210002DFC23 /* AppDelegate.swift in Sources */,
			);
			runOnlyForDeploymentPostprocessing = 0;
		};
/* End PBXSourcesBuildPhase section */

/* Begin PBXVariantGroup section */
		A32665ED1E777210002DFC23 /* Main.storyboard */ = {
			isa = PBXVariantGroup;
			children = (
				A32665EE1E777210002DFC23 /* Base */,
			);
			name = Main.storyboard;
			sourceTree = "<group>";
		};
		A32665F21E777210002DFC23 /* LaunchScreen.storyboard */ = {
			isa = PBXVariantGroup;
			children = (
				A32665F31E777210002DFC23 /* Base */,
			);
			name = LaunchScreen.storyboard;
			sourceTree = "<group>";
		};
/* End PBXVariantGroup section */

/* Begin XCBuildConfiguration section */
		A32665F61E777210002DFC23 /* Debug */ = {
			isa = XCBuildConfiguration;
			buildSettings = {
				ALWAYS_SEARCH_USER_PATHS = NO;
				CLANG_ANALYZER_NONNULL = YES;
				CLANG_CXX_LANGUAGE_STANDARD = "gnu++0x";
				CLANG_CXX_LIBRARY = "libc++";
				CLANG_ENABLE_MODULES = YES;
				CLANG_ENABLE_OBJC_ARC = YES;
				CLANG_WARN_BOOL_CONVERSION = YES;
				CLANG_WARN_CONSTANT_CONVERSION = YES;
				CLANG_WARN_DIRECT_OBJC_ISA_USAGE = YES_ERROR;
				CLANG_WARN_DOCUMENTATION_COMMENTS = YES;
				CLANG_WARN_EMPTY_BODY = YES;
				CLANG_WARN_ENUM_CONVERSION = YES;
				CLANG_WARN_INFINITE_RECURSION = YES;
				CLANG_WARN_INT_CONVERSION = YES;
				CLANG_WARN_OBJC_ROOT_CLASS = YES_ERROR;
				CLANG_WARN_SUSPICIOUS_MOVE = YES;
				CLANG_WARN_UNREACHABLE_CODE = YES;
				CLANG_WARN__DUPLICATE_METHOD_MATCH = YES;
				"CODE_SIGN_IDENTITY[sdk=iphoneos*]" = "iPhone Developer";
				COPY_PHASE_STRIP = NO;
				DEBUG_INFORMATION_FORMAT = dwarf;
				ENABLE_STRICT_OBJC_MSGSEND = YES;
				ENABLE_TESTABILITY = YES;
				GCC_C_LANGUAGE_STANDARD = gnu99;
				GCC_DYNAMIC_NO_PIC = NO;
				GCC_NO_COMMON_BLOCKS = YES;
				GCC_OPTIMIZATION_LEVEL = 0;
				GCC_PREPROCESSOR_DEFINITIONS = (
					"DEBUG=1",
					"$(inherited)",
				);
				GCC_WARN_64_TO_32_BIT_CONVERSION = YES;
				GCC_WARN_ABOUT_RETURN_TYPE = YES_ERROR;
				GCC_WARN_UNDECLARED_SELECTOR = YES;
				GCC_WARN_UNINITIALIZED_AUTOS = YES_AGGRESSIVE;
				GCC_WARN_UNUSED_FUNCTION = YES;
				GCC_WARN_UNUSED_VARIABLE = YES;
				IPHONEOS_DEPLOYMENT_TARGET = 10.2;
				MTL_ENABLE_DEBUG_INFO = YES;
				ONLY_ACTIVE_ARCH = YES;
				SDKROOT = iphoneos;
				SWIFT_ACTIVE_COMPILATION_CONDITIONS = DEBUG;
				SWIFT_OPTIMIZATION_LEVEL = "-Onone";
			};
			name = Debug;
		};
		A32665F71E777210002DFC23 /* Release */ = {
			isa = XCBuildConfiguration;
			buildSettings = {
				ALWAYS_SEARCH_USER_PATHS = NO;
				CLANG_ANALYZER_NONNULL = YES;
				CLANG_CXX_LANGUAGE_STANDARD = "gnu++0x";
				CLANG_CXX_LIBRARY = "libc++";
				CLANG_ENABLE_MODULES = YES;
				CLANG_ENABLE_OBJC_ARC = YES;
				CLANG_WARN_BOOL_CONVERSION = YES;
				CLANG_WARN_CONSTANT_CONVERSION = YES;
				CLANG_WARN_DIRECT_OBJC_ISA_USAGE = YES_ERROR;
				CLANG_WARN_DOCUMENTATION_COMMENTS = YES;
				CLANG_WARN_EMPTY_BODY = YES;
				CLANG_WARN_ENUM_CONVERSION = YES;
				CLANG_WARN_INFINITE_RECURSION = YES;
				CLANG_WARN_INT_CONVERSION = YES;
				CLANG_WARN_OBJC_ROOT_CLASS = YES_ERROR;
				CLANG_WARN_SUSPICIOUS_MOVE = YES;
				CLANG_WARN_UNREACHABLE_CODE = YES;
				CLANG_WARN__DUPLICATE_METHOD_MATCH = YES;
				"CODE_SIGN_IDENTITY[sdk=iphoneos*]" = "iPhone Developer";
				COPY_PHASE_STRIP = NO;
				DEBUG_INFORMATION_FORMAT = "dwarf-with-dsym";
				ENABLE_NS_ASSERTIONS = NO;
				ENABLE_STRICT_OBJC_MSGSEND = YES;
				GCC_C_LANGUAGE_STANDARD = gnu99;
				GCC_NO_COMMON_BLOCKS = YES;
				GCC_WARN_64_TO_32_BIT_CONVERSION = YES;
				GCC_WARN_ABOUT_RETURN_TYPE = YES_ERROR;
				GCC_WARN_UNDECLARED_SELECTOR = YES;
				GCC_WARN_UNINITIALIZED_AUTOS = YES_AGGRESSIVE;
				GCC_WARN_UNUSED_FUNCTION = YES;
				GCC_WARN_UNUSED_VARIABLE = YES;
				IPHONEOS_DEPLOYMENT_TARGET = 10.2;
				MTL_ENABLE_DEBUG_INFO = NO;
				SDKROOT = iphoneos;
				SWIFT_OPTIMIZATION_LEVEL = "-Owholemodule";
				VALIDATE_PRODUCT = YES;
			};
			name = Release;
		};
		A32665F91E777210002DFC23 /* Debug */ = {
			isa = XCBuildConfiguration;
			buildSettings = {
				ASSETCATALOG_COMPILER_APPICON_NAME = AppIcon;
				DEVELOPMENT_TEAM = CAFE7EXU5G;
				INFOPLIST_FILE = tables/Info.plist;
				LD_RUNPATH_SEARCH_PATHS = "$(inherited) @executable_path/Frameworks";
				PRODUCT_BUNDLE_IDENTIFIER = codingdojo.tables;
				PRODUCT_NAME = "$(TARGET_NAME)";
				SWIFT_VERSION = 3.0;
			};
			name = Debug;
		};
		A32665FA1E777210002DFC23 /* Release */ = {
			isa = XCBuildConfiguration;
			buildSettings = {
				ASSETCATALOG_COMPILER_APPICON_NAME = AppIcon;
				DEVELOPMENT_TEAM = CAFE7EXU5G;
				INFOPLIST_FILE = tables/Info.plist;
				LD_RUNPATH_SEARCH_PATHS = "$(inherited) @executable_path/Frameworks";
				PRODUCT_BUNDLE_IDENTIFIER = codingdojo.tables;
				PRODUCT_NAME = "$(TARGET_NAME)";
				SWIFT_VERSION = 3.0;
			};
			name = Release;
		};
/* End XCBuildConfiguration section */

/* Begin XCConfigurationList section */
		A32665E11E777210002DFC23 /* Build configuration list for PBXProject "tables" */ = {
			isa = XCConfigurationList;
			buildConfigurations = (
				A32665F61E777210002DFC23 /* Debug */,
				A32665F71E777210002DFC23 /* Release */,
			);
			defaultConfigurationIsVisible = 0;
			defaultConfigurationName = Release;
		};
		A32665F81E777210002DFC23 /* Build configuration list for PBXNativeTarget "tables" */ = {
			isa = XCConfigurationList;
			buildConfigurations = (
				A32665F91E777210002DFC23 /* Debug */,
				A32665FA1E777210002DFC23 /* Release */,
			);
			defaultConfigurationIsVisible = 0;
		};
/* End XCConfigurationList section */
	};
	rootObject = A32665DE1E777210002DFC23 /* Project object */;
}
