// !$*UTF8*$!
{
	archiveVersion = 1;
	classes = {
	};
	objectVersion = 46;
	objects = {

/* Begin PBXBuildFile section */
		A32666C21E788119002DFC23 /* AppDelegate.swift in Sources */ = {isa = PBXBuildFile; fileRef = A32666C11E788119002DFC23 /* AppDelegate.swift */; };
		A32666C41E788119002DFC23 /* bucketlistViewController.swift in Sources */ = {isa = PBXBuildFile; fileRef = A32666C31E788119002DFC23 /* bucketlistViewController.swift */; };
		A32666C71E788119002DFC23 /* Main.storyboard in Resources */ = {isa = PBXBuildFile; fileRef = A32666C51E788119002DFC23 /* Main.storyboard */; };
		A32666C91E788119002DFC23 /* Assets.xcassets in Resources */ = {isa = PBXBuildFile; fileRef = A32666C81E788119002DFC23 /* Assets.xcassets */; };
		A32666CC1E788119002DFC23 /* LaunchScreen.storyboard in Resources */ = {isa = PBXBuildFile; fileRef = A32666CA1E788119002DFC23 /* LaunchScreen.storyboard */; };
		A32666D41E7887C7002DFC23 /* AddItemTableViewController.swift in Sources */ = {isa = PBXBuildFile; fileRef = A32666D31E7887C7002DFC23 /* AddItemTableViewController.swift */; };
		A3C6FFB81E78A1F600CBCE39 /* AddItemTableViewControllerDelegate.swift in Sources */ = {isa = PBXBuildFile; fileRef = A3C6FFB71E78A1F600CBCE39 /* AddItemTableViewControllerDelegate.swift */; };
/* End PBXBuildFile section */

/* Begin PBXFileReference section */
		A32666BE1E788119002DFC23 /* bucketlist.app */ = {isa = PBXFileReference; explicitFileType = wrapper.application; includeInIndex = 0; path = bucketlist.app; sourceTree = BUILT_PRODUCTS_DIR; };
		A32666C11E788119002DFC23 /* AppDelegate.swift */ = {isa = PBXFileReference; lastKnownFileType = sourcecode.swift; path = AppDelegate.swift; sourceTree = "<group>"; };
		A32666C31E788119002DFC23 /* bucketlistViewController.swift */ = {isa = PBXFileReference; lastKnownFileType = sourcecode.swift; path = bucketlistViewController.swift; sourceTree = "<group>"; };
		A32666C61E788119002DFC23 /* Base */ = {isa = PBXFileReference; lastKnownFileType = file.storyboard; name = Base; path = Base.lproj/Main.storyboard; sourceTree = "<group>"; };
		A32666C81E788119002DFC23 /* Assets.xcassets */ = {isa = PBXFileReference; lastKnownFileType = folder.assetcatalog; path = Assets.xcassets; sourceTree = "<group>"; };
		A32666CB1E788119002DFC23 /* Base */ = {isa = PBXFileReference; lastKnownFileType = file.storyboard; name = Base; path = Base.lproj/LaunchScreen.storyboard; sourceTree = "<group>"; };
		A32666CD1E788119002DFC23 /* Info.plist */ = {isa = PBXFileReference; lastKnownFileType = text.plist.xml; path = Info.plist; sourceTree = "<group>"; };
		A32666D31E7887C7002DFC23 /* AddItemTableViewController.swift */ = {isa = PBXFileReference; fileEncoding = 4; lastKnownFileType = sourcecode.swift; path = AddItemTableViewController.swift; sourceTree = "<group>"; };
		A3C6FFB71E78A1F600CBCE39 /* AddItemTableViewControllerDelegate.swift */ = {isa = PBXFileReference; fileEncoding = 4; lastKnownFileType = sourcecode.swift; path = AddItemTableViewControllerDelegate.swift; sourceTree = "<group>"; };
/* End PBXFileReference section */

/* Begin PBXFrameworksBuildPhase section */
		A32666BB1E788119002DFC23 /* Frameworks */ = {
			isa = PBXFrameworksBuildPhase;
			buildActionMask = 2147483647;
			files = (
			);
			runOnlyForDeploymentPostprocessing = 0;
		};
/* End PBXFrameworksBuildPhase section */

/* Begin PBXGroup section */
		A32666B51E788119002DFC23 = {
			isa = PBXGroup;
			children = (
				A32666C01E788119002DFC23 /* bucketlist */,
				A32666BF1E788119002DFC23 /* Products */,
			);
			sourceTree = "<group>";
		};
		A32666BF1E788119002DFC23 /* Products */ = {
			isa = PBXGroup;
			children = (
				A32666BE1E788119002DFC23 /* bucketlist.app */,
			);
			name = Products;
			sourceTree = "<group>";
		};
		A32666C01E788119002DFC23 /* bucketlist */ = {
			isa = PBXGroup;
			children = (
				A32666C11E788119002DFC23 /* AppDelegate.swift */,
				A32666C31E788119002DFC23 /* bucketlistViewController.swift */,
				A3C6FFB71E78A1F600CBCE39 /* AddItemTableViewControllerDelegate.swift */,
				A32666C51E788119002DFC23 /* Main.storyboard */,
				A32666D31E7887C7002DFC23 /* AddItemTableViewController.swift */,
				A32666C81E788119002DFC23 /* Assets.xcassets */,
				A32666CA1E788119002DFC23 /* LaunchScreen.storyboard */,
				A32666CD1E788119002DFC23 /* Info.plist */,
			);
			path = bucketlist;
			sourceTree = "<group>";
		};
/* End PBXGroup section */

/* Begin PBXNativeTarget section */
		A32666BD1E788119002DFC23 /* bucketlist */ = {
			isa = PBXNativeTarget;
			buildConfigurationList = A32666D01E788119002DFC23 /* Build configuration list for PBXNativeTarget "bucketlist" */;
			buildPhases = (
				A32666BA1E788119002DFC23 /* Sources */,
				A32666BB1E788119002DFC23 /* Frameworks */,
				A32666BC1E788119002DFC23 /* Resources */,
			);
			buildRules = (
			);
			dependencies = (
			);
			name = bucketlist;
			productName = bucketlist;
			productReference = A32666BE1E788119002DFC23 /* bucketlist.app */;
			productType = "com.apple.product-type.application";
		};
/* End PBXNativeTarget section */

/* Begin PBXProject section */
		A32666B61E788119002DFC23 /* Project object */ = {
			isa = PBXProject;
			attributes = {
				LastSwiftUpdateCheck = 0820;
				LastUpgradeCheck = 0820;
				ORGANIZATIONNAME = "Glen Jantz";
				TargetAttributes = {
					A32666BD1E788119002DFC23 = {
						CreatedOnToolsVersion = 8.2.1;
						DevelopmentTeam = CAFE7EXU5G;
						ProvisioningStyle = Automatic;
					};
				};
			};
			buildConfigurationList = A32666B91E788119002DFC23 /* Build configuration list for PBXProject "bucketlist" */;
			compatibilityVersion = "Xcode 3.2";
			developmentRegion = English;
			hasScannedForEncodings = 0;
			knownRegions = (
				en,
				Base,
			);
			mainGroup = A32666B51E788119002DFC23;
			productRefGroup = A32666BF1E788119002DFC23 /* Products */;
			projectDirPath = "";
			projectRoot = "";
			targets = (
				A32666BD1E788119002DFC23 /* bucketlist */,
			);
		};
/* End PBXProject section */

/* Begin PBXResourcesBuildPhase section */
		A32666BC1E788119002DFC23 /* Resources */ = {
			isa = PBXResourcesBuildPhase;
			buildActionMask = 2147483647;
			files = (
				A32666CC1E788119002DFC23 /* LaunchScreen.storyboard in Resources */,
				A32666C91E788119002DFC23 /* Assets.xcassets in Resources */,
				A32666C71E788119002DFC23 /* Main.storyboard in Resources */,
			);
			runOnlyForDeploymentPostprocessing = 0;
		};
/* End PBXResourcesBuildPhase section */

/* Begin PBXSourcesBuildPhase section */
		A32666BA1E788119002DFC23 /* Sources */ = {
			isa = PBXSourcesBuildPhase;
			buildActionMask = 2147483647;
			files = (
				A32666C41E788119002DFC23 /* bucketlistViewController.swift in Sources */,
				A32666C21E788119002DFC23 /* AppDelegate.swift in Sources */,
				A3C6FFB81E78A1F600CBCE39 /* AddItemTableViewControllerDelegate.swift in Sources */,
				A32666D41E7887C7002DFC23 /* AddItemTableViewController.swift in Sources */,
			);
			runOnlyForDeploymentPostprocessing = 0;
		};
/* End PBXSourcesBuildPhase section */

/* Begin PBXVariantGroup section */
		A32666C51E788119002DFC23 /* Main.storyboard */ = {
			isa = PBXVariantGroup;
			children = (
				A32666C61E788119002DFC23 /* Base */,
			);
			name = Main.storyboard;
			sourceTree = "<group>";
		};
		A32666CA1E788119002DFC23 /* LaunchScreen.storyboard */ = {
			isa = PBXVariantGroup;
			children = (
				A32666CB1E788119002DFC23 /* Base */,
			);
			name = LaunchScreen.storyboard;
			sourceTree = "<group>";
		};
/* End PBXVariantGroup section */

/* Begin XCBuildConfiguration section */
		A32666CE1E788119002DFC23 /* Debug */ = {
			isa = XCBuildConfiguration;
			buildSettings = {
				ALWAYS_SEARCH_USER_PATHS = NO;
				CLANG_ANALYZER_NONNULL = YES;
				CLANG_CXX_LANGUAGE_STANDARD = "gnu++0x";
				CLANG_CXX_LIBRARY = "libc++";
				CLANG_ENABLE_MODULES = YES;
				CLANG_ENABLE_OBJC_ARC = YES;
				CLANG_WARN_BOOL_CONVERSION = YES;
				CLANG_WARN_CONSTANT_CONVERSION = YES;
				CLANG_WARN_DIRECT_OBJC_ISA_USAGE = YES_ERROR;
				CLANG_WARN_DOCUMENTATION_COMMENTS = YES;
				CLANG_WARN_EMPTY_BODY = YES;
				CLANG_WARN_ENUM_CONVERSION = YES;
				CLANG_WARN_INFINITE_RECURSION = YES;
				CLANG_WARN_INT_CONVERSION = YES;
				CLANG_WARN_OBJC_ROOT_CLASS = YES_ERROR;
				CLANG_WARN_SUSPICIOUS_MOVE = YES;
				CLANG_WARN_UNREACHABLE_CODE = YES;
				CLANG_WARN__DUPLICATE_METHOD_MATCH = YES;
				"CODE_SIGN_IDENTITY[sdk=iphoneos*]" = "iPhone Developer";
				COPY_PHASE_STRIP = NO;
				DEBUG_INFORMATION_FORMAT = dwarf;
				ENABLE_STRICT_OBJC_MSGSEND = YES;
				ENABLE_TESTABILITY = YES;
				GCC_C_LANGUAGE_STANDARD = gnu99;
				GCC_DYNAMIC_NO_PIC = NO;
				GCC_NO_COMMON_BLOCKS = YES;
				GCC_OPTIMIZATION_LEVEL = 0;
				GCC_PREPROCESSOR_DEFINITIONS = (
					"DEBUG=1",
					"$(inherited)",
				);
				GCC_WARN_64_TO_32_BIT_CONVERSION = YES;
				GCC_WARN_ABOUT_RETURN_TYPE = YES_ERROR;
				GCC_WARN_UNDECLARED_SELECTOR = YES;
				GCC_WARN_UNINITIALIZED_AUTOS = YES_AGGRESSIVE;
				GCC_WARN_UNUSED_FUNCTION = YES;
				GCC_WARN_UNUSED_VARIABLE = YES;
				IPHONEOS_DEPLOYMENT_TARGET = 10.2;
				MTL_ENABLE_DEBUG_INFO = YES;
				ONLY_ACTIVE_ARCH = YES;
				SDKROOT = iphoneos;
				SWIFT_ACTIVE_COMPILATION_CONDITIONS = DEBUG;
				SWIFT_OPTIMIZATION_LEVEL = "-Onone";
			};
			name = Debug;
		};
		A32666CF1E788119002DFC23 /* Release */ = {
			isa = XCBuildConfiguration;
			buildSettings = {
				ALWAYS_SEARCH_USER_PATHS = NO;
				CLANG_ANALYZER_NONNULL = YES;
				CLANG_CXX_LANGUAGE_STANDARD = "gnu++0x";
				CLANG_CXX_LIBRARY = "libc++";
				CLANG_ENABLE_MODULES = YES;
				CLANG_ENABLE_OBJC_ARC = YES;
				CLANG_WARN_BOOL_CONVERSION = YES;
				CLANG_WARN_CONSTANT_CONVERSION = YES;
				CLANG_WARN_DIRECT_OBJC_ISA_USAGE = YES_ERROR;
				CLANG_WARN_DOCUMENTATION_COMMENTS = YES;
				CLANG_WARN_EMPTY_BODY = YES;
				CLANG_WARN_ENUM_CONVERSION = YES;
				CLANG_WARN_INFINITE_RECURSION = YES;
				CLANG_WARN_INT_CONVERSION = YES;
				CLANG_WARN_OBJC_ROOT_CLASS = YES_ERROR;
				CLANG_WARN_SUSPICIOUS_MOVE = YES;
				CLANG_WARN_UNREACHABLE_CODE = YES;
				CLANG_WARN__DUPLICATE_METHOD_MATCH = YES;
				"CODE_SIGN_IDENTITY[sdk=iphoneos*]" = "iPhone Developer";
				COPY_PHASE_STRIP = NO;
				DEBUG_INFORMATION_FORMAT = "dwarf-with-dsym";
				ENABLE_NS_ASSERTIONS = NO;
				ENABLE_STRICT_OBJC_MSGSEND = YES;
				GCC_C_LANGUAGE_STANDARD = gnu99;
				GCC_NO_COMMON_BLOCKS = YES;
				GCC_WARN_64_TO_32_BIT_CONVERSION = YES;
				GCC_WARN_ABOUT_RETURN_TYPE = YES_ERROR;
				GCC_WARN_UNDECLARED_SELECTOR = YES;
				GCC_WARN_UNINITIALIZED_AUTOS = YES_AGGRESSIVE;
				GCC_WARN_UNUSED_FUNCTION = YES;
				GCC_WARN_UNUSED_VARIABLE = YES;
				IPHONEOS_DEPLOYMENT_TARGET = 10.2;
				MTL_ENABLE_DEBUG_INFO = NO;
				SDKROOT = iphoneos;
				SWIFT_OPTIMIZATION_LEVEL = "-Owholemodule";
				VALIDATE_PRODUCT = YES;
			};
			name = Release;
		};
		A32666D11E788119002DFC23 /* Debug */ = {
			isa = XCBuildConfiguration;
			buildSettings = {
				ASSETCATALOG_COMPILER_APPICON_NAME = AppIcon;
				DEVELOPMENT_TEAM = CAFE7EXU5G;
				INFOPLIST_FILE = bucketlist/Info.plist;
				LD_RUNPATH_SEARCH_PATHS = "$(inherited) @executable_path/Frameworks";
				PRODUCT_BUNDLE_IDENTIFIER = codingdojo.bucketlist;
				PRODUCT_NAME = "$(TARGET_NAME)";
				SWIFT_VERSION = 3.0;
			};
			name = Debug;
		};
		A32666D21E788119002DFC23 /* Release */ = {
			isa = XCBuildConfiguration;
			buildSettings = {
				ASSETCATALOG_COMPILER_APPICON_NAME = AppIcon;
				DEVELOPMENT_TEAM = CAFE7EXU5G;
				INFOPLIST_FILE = bucketlist/Info.plist;
				LD_RUNPATH_SEARCH_PATHS = "$(inherited) @executable_path/Frameworks";
				PRODUCT_BUNDLE_IDENTIFIER = codingdojo.bucketlist;
				PRODUCT_NAME = "$(TARGET_NAME)";
				SWIFT_VERSION = 3.0;
			};
			name = Release;
		};
/* End XCBuildConfiguration section */

/* Begin XCConfigurationList section */
		A32666B91E788119002DFC23 /* Build configuration list for PBXProject "bucketlist" */ = {
			isa = XCConfigurationList;
			buildConfigurations = (
				A32666CE1E788119002DFC23 /* Debug */,
				A32666CF1E788119002DFC23 /* Release */,
			);
			defaultConfigurationIsVisible = 0;
			defaultConfigurationName = Release;
		};
		A32666D01E788119002DFC23 /* Build configuration list for PBXNativeTarget "bucketlist" */ = {
			isa = XCConfigurationList;
			buildConfigurations = (
				A32666D11E788119002DFC23 /* Debug */,
				A32666D21E788119002DFC23 /* Release */,
			);
			defaultConfigurationIsVisible = 0;
			defaultConfigurationName = Release;
		};
/* End XCConfigurationList section */
	};
	rootObject = A32666B61E788119002DFC23 /* Project object */;
}
